// !$*UTF8*$!
{
	archiveVersion = 1;
	classes = {
	};
	objectVersion = 46;
	objects = {

/* Begin PBXBuildFile section */
		6A7585431D7D93E300546AB3 /* AppDelegate.swift in Sources */ = {isa = PBXBuildFile; fileRef = 6A7585421D7D93E300546AB3 /* AppDelegate.swift */; };
		6A7585451D7D93E300546AB3 /* ViewController.swift in Sources */ = {isa = PBXBuildFile; fileRef = 6A7585441D7D93E300546AB3 /* ViewController.swift */; };
		6A7585481D7D93E300546AB3 /* Main.storyboard in Resources */ = {isa = PBXBuildFile; fileRef = 6A7585461D7D93E300546AB3 /* Main.storyboard */; };
		6A75854A1D7D93E300546AB3 /* Assets.xcassets in Resources */ = {isa = PBXBuildFile; fileRef = 6A7585491D7D93E300546AB3 /* Assets.xcassets */; };
		6A75854D1D7D93E300546AB3 /* LaunchScreen.storyboard in Resources */ = {isa = PBXBuildFile; fileRef = 6A75854B1D7D93E300546AB3 /* LaunchScreen.storyboard */; };
		6C732FF61377377DF968EC8A /* Pods_PitayaExample.framework in Frameworks */ = {isa = PBXBuildFile; fileRef = 135B1DAAE13E405392E6D39D /* Pods_PitayaExample.framework */; };
/* End PBXBuildFile section */

/* Begin PBXFileReference section */
		135B1DAAE13E405392E6D39D /* Pods_PitayaExample.framework */ = {isa = PBXFileReference; explicitFileType = wrapper.framework; includeInIndex = 0; path = Pods_PitayaExample.framework; sourceTree = BUILT_PRODUCTS_DIR; };
		6A75853F1D7D93E300546AB3 /* PitayaExample.app */ = {isa = PBXFileReference; explicitFileType = wrapper.application; includeInIndex = 0; path = PitayaExample.app; sourceTree = BUILT_PRODUCTS_DIR; };
		6A7585421D7D93E300546AB3 /* AppDelegate.swift */ = {isa = PBXFileReference; lastKnownFileType = sourcecode.swift; path = AppDelegate.swift; sourceTree = "<group>"; };
		6A7585441D7D93E300546AB3 /* ViewController.swift */ = {isa = PBXFileReference; lastKnownFileType = sourcecode.swift; path = ViewController.swift; sourceTree = "<group>"; };
		6A7585471D7D93E300546AB3 /* Base */ = {isa = PBXFileReference; lastKnownFileType = file.storyboard; name = Base; path = Base.lproj/Main.storyboard; sourceTree = "<group>"; };
		6A7585491D7D93E300546AB3 /* Assets.xcassets */ = {isa = PBXFileReference; lastKnownFileType = folder.assetcatalog; path = Assets.xcassets; sourceTree = "<group>"; };
		6A75854C1D7D93E300546AB3 /* Base */ = {isa = PBXFileReference; lastKnownFileType = file.storyboard; name = Base; path = Base.lproj/LaunchScreen.storyboard; sourceTree = "<group>"; };
		6A75854E1D7D93E300546AB3 /* Info.plist */ = {isa = PBXFileReference; lastKnownFileType = text.plist.xml; path = Info.plist; sourceTree = "<group>"; };
		7BAB1CF684D8480291DD4A23 /* Pods-PitayaExample.debug.xcconfig */ = {isa = PBXFileReference; includeInIndex = 1; lastKnownFileType = text.xcconfig; name = "Pods-PitayaExample.debug.xcconfig"; path = "Pods/Target Support Files/Pods-PitayaExample/Pods-PitayaExample.debug.xcconfig"; sourceTree = "<group>"; };
		8AAAC6F6A3A84FFCCBE48652 /* Pods-PitayaExample.release.xcconfig */ = {isa = PBXFileReference; includeInIndex = 1; lastKnownFileType = text.xcconfig; name = "Pods-PitayaExample.release.xcconfig"; path = "Pods/Target Support Files/Pods-PitayaExample/Pods-PitayaExample.release.xcconfig"; sourceTree = "<group>"; };
/* End PBXFileReference section */

/* Begin PBXFrameworksBuildPhase section */
		6A75853C1D7D93E300546AB3 /* Frameworks */ = {
			isa = PBXFrameworksBuildPhase;
			buildActionMask = 2147483647;
			files = (
				6C732FF61377377DF968EC8A /* Pods_PitayaExample.framework in Frameworks */,
			);
			runOnlyForDeploymentPostprocessing = 0;
		};
/* End PBXFrameworksBuildPhase section */

/* Begin PBXGroup section */
		6A7585361D7D93E300546AB3 = {
			isa = PBXGroup;
			children = (
				6A7585411D7D93E300546AB3 /* PitayaExample */,
				6A7585401D7D93E300546AB3 /* Products */,
				BDA033BA066F9AB5FF9CE8B0 /* Pods */,
				FA7AEEB48D3AAB36585649ED /* Frameworks */,
			);
			sourceTree = "<group>";
		};
		6A7585401D7D93E300546AB3 /* Products */ = {
			isa = PBXGroup;
			children = (
				6A75853F1D7D93E300546AB3 /* PitayaExample.app */,
			);
			name = Products;
			sourceTree = "<group>";
		};
		6A7585411D7D93E300546AB3 /* PitayaExample */ = {
			isa = PBXGroup;
			children = (
				6A7585421D7D93E300546AB3 /* AppDelegate.swift */,
				6A7585441D7D93E300546AB3 /* ViewController.swift */,
				6A7585461D7D93E300546AB3 /* Main.storyboard */,
				6A7585491D7D93E300546AB3 /* Assets.xcassets */,
				6A75854B1D7D93E300546AB3 /* LaunchScreen.storyboard */,
				6A75854E1D7D93E300546AB3 /* Info.plist */,
			);
			path = PitayaExample;
			sourceTree = "<group>";
		};
		BDA033BA066F9AB5FF9CE8B0 /* Pods */ = {
			isa = PBXGroup;
			children = (
				7BAB1CF684D8480291DD4A23 /* Pods-PitayaExample.debug.xcconfig */,
				8AAAC6F6A3A84FFCCBE48652 /* Pods-PitayaExample.release.xcconfig */,
			);
			name = Pods;
			sourceTree = "<group>";
		};
		FA7AEEB48D3AAB36585649ED /* Frameworks */ = {
			isa = PBXGroup;
			children = (
				135B1DAAE13E405392E6D39D /* Pods_PitayaExample.framework */,
			);
			name = Frameworks;
			sourceTree = "<group>";
		};
/* End PBXGroup section */

/* Begin PBXNativeTarget section */
		6A75853E1D7D93E300546AB3 /* PitayaExample */ = {
			isa = PBXNativeTarget;
			buildConfigurationList = 6A7585511D7D93E300546AB3 /* Build configuration list for PBXNativeTarget "PitayaExample" */;
			buildPhases = (
				3901F8DB9904D872DA9DF947 /* [CP] Check Pods Manifest.lock */,
				6A75853B1D7D93E300546AB3 /* Sources */,
				6A75853C1D7D93E300546AB3 /* Frameworks */,
				6A75853D1D7D93E300546AB3 /* Resources */,
				31E3A944064179051B0B1852 /* [CP] Embed Pods Frameworks */,
				C0E9FFDB8F93FD5E71738E10 /* [CP] Copy Pods Resources */,
			);
			buildRules = (
			);
			dependencies = (
			);
			name = PitayaExample;
			productName = PitayaExample;
			productReference = 6A75853F1D7D93E300546AB3 /* PitayaExample.app */;
			productType = "com.apple.product-type.application";
		};
/* End PBXNativeTarget section */

/* Begin PBXProject section */
		6A7585371D7D93E300546AB3 /* Project object */ = {
			isa = PBXProject;
			attributes = {
				LastSwiftUpdateCheck = 0730;
				LastUpgradeCheck = 0730;
				ORGANIZATIONNAME = BrikerMan;
				TargetAttributes = {
					6A75853E1D7D93E300546AB3 = {
						CreatedOnToolsVersion = 7.3.1;
					};
				};
			};
			buildConfigurationList = 6A75853A1D7D93E300546AB3 /* Build configuration list for PBXProject "PitayaExample" */;
			compatibilityVersion = "Xcode 3.2";
			developmentRegion = English;
			hasScannedForEncodings = 0;
			knownRegions = (
				en,
				Base,
			);
			mainGroup = 6A7585361D7D93E300546AB3;
			productRefGroup = 6A7585401D7D93E300546AB3 /* Products */;
			projectDirPath = "";
			projectRoot = "";
			targets = (
				6A75853E1D7D93E300546AB3 /* PitayaExample */,
			);
		};
/* End PBXProject section */

/* Begin PBXResourcesBuildPhase section */
		6A75853D1D7D93E300546AB3 /* Resources */ = {
			isa = PBXResourcesBuildPhase;
			buildActionMask = 2147483647;
			files = (
				6A75854D1D7D93E300546AB3 /* LaunchScreen.storyboard in Resources */,
				6A75854A1D7D93E300546AB3 /* Assets.xcassets in Resources */,
				6A7585481D7D93E300546AB3 /* Main.storyboard in Resources */,
			);
			runOnlyForDeploymentPostprocessing = 0;
		};
/* End PBXResourcesBuildPhase section */

/* Begin PBXShellScriptBuildPhase section */
		31E3A944064179051B0B1852 /* [CP] Embed Pods Frameworks */ = {
			isa = PBXShellScriptBuildPhase;
			buildActionMask = 2147483647;
			files = (
			);
			inputPaths = (
			);
			name = "[CP] Embed Pods Frameworks";
			outputPaths = (
			);
			runOnlyForDeploymentPostprocessing = 0;
			shellPath = /bin/sh;
			shellScript = "\"${SRCROOT}/Pods/Target Support Files/Pods-PitayaExample/Pods-PitayaExample-frameworks.sh\"\n";
			showEnvVarsInLog = 0;
		};
		3901F8DB9904D872DA9DF947 /* [CP] Check Pods Manifest.lock */ = {
			isa = PBXShellScriptBuildPhase;
			buildActionMask = 2147483647;
			files = (
			);
			inputPaths = (
			);
			name = "[CP] Check Pods Manifest.lock";
			outputPaths = (
			);
			runOnlyForDeploymentPostprocessing = 0;
			shellPath = /bin/sh;
			shellScript = "diff \"${PODS_ROOT}/../Podfile.lock\" \"${PODS_ROOT}/Manifest.lock\" > /dev/null\nif [[ $? != 0 ]] ; then\n    cat << EOM\nerror: The sandbox is not in sync with the Podfile.lock. Run 'pod install' or update your CocoaPods installation.\nEOM\n    exit 1\nfi\n";
			showEnvVarsInLog = 0;
		};
		C0E9FFDB8F93FD5E71738E10 /* [CP] Copy Pods Resources */ = {
			isa = PBXShellScriptBuildPhase;
			buildActionMask = 2147483647;
			files = (
			);
			inputPaths = (
			);
			name = "[CP] Copy Pods Resources";
			outputPaths = (
			);
			runOnlyForDeploymentPostprocessing = 0;
			shellPath = /bin/sh;
			shellScript = "\"${SRCROOT}/Pods/Target Support Files/Pods-PitayaExample/Pods-PitayaExample-resources.sh\"\n";
			showEnvVarsInLog = 0;
		};
/* End PBXShellScriptBuildPhase section */

/* Begin PBXSourcesBuildPhase section */
		6A75853B1D7D93E300546AB3 /* Sources */ = {
			isa = PBXSourcesBuildPhase;
			buildActionMask = 2147483647;
			files = (
				6A7585451D7D93E300546AB3 /* ViewController.swift in Sources */,
				6A7585431D7D93E300546AB3 /* AppDelegate.swift in Sources */,
			);
			runOnlyForDeploymentPostprocessing = 0;
		};
/* End PBXSourcesBuildPhase section */

/* Begin PBXVariantGroup section */
		6A7585461D7D93E300546AB3 /* Main.storyboard */ = {
			isa = PBXVariantGroup;
			children = (
				6A7585471D7D93E300546AB3 /* Base */,
			);
			name = Main.storyboard;
			sourceTree = "<group>";
		};
		6A75854B1D7D93E300546AB3 /* LaunchScreen.storyboard */ = {
			isa = PBXVariantGroup;
			children = (
				6A75854C1D7D93E300546AB3 /* Base */,
			);
			name = LaunchScreen.storyboard;
			sourceTree = "<group>";
		};
/* End PBXVariantGroup section */

/* Begin XCBuildConfiguration section */
		6A75854F1D7D93E300546AB3 /* Debug */ = {
			isa = XCBuildConfiguration;
			buildSettings = {
				ALWAYS_SEARCH_USER_PATHS = NO;
				CLANG_ANALYZER_NONNULL = YES;
				CLANG_CXX_LANGUAGE_STANDARD = "gnu++0x";
				CLANG_CXX_LIBRARY = "libc++";
				CLANG_ENABLE_MODULES = YES;
				CLANG_ENABLE_OBJC_ARC = YES;
				CLANG_WARN_BOOL_CONVERSION = YES;
				CLANG_WARN_CONSTANT_CONVERSION = YES;
				CLANG_WARN_DIRECT_OBJC_ISA_USAGE = YES_ERROR;
				CLANG_WARN_EMPTY_BODY = YES;
				CLANG_WARN_ENUM_CONVERSION = YES;
				CLANG_WARN_INT_CONVERSION = YES;
				CLANG_WARN_OBJC_ROOT_CLASS = YES_ERROR;
				CLANG_WARN_UNREACHABLE_CODE = YES;
				CLANG_WARN__DUPLICATE_METHOD_MATCH = YES;
				"CODE_SIGN_IDENTITY[sdk=iphoneos*]" = "iPhone Developer";
				COPY_PHASE_STRIP = NO;
				DEBUG_INFORMATION_FORMAT = dwarf;
				ENABLE_STRICT_OBJC_MSGSEND = YES;
				ENABLE_TESTABILITY = YES;
				GCC_C_LANGUAGE_STANDARD = gnu99;
				GCC_DYNAMIC_NO_PIC = NO;
				GCC_NO_COMMON_BLOCKS = YES;
				GCC_OPTIMIZATION_LEVEL = 0;
				GCC_PREPROCESSOR_DEFINITIONS = (
					"DEBUG=1",
					"$(inherited)",
				);
				GCC_WARN_64_TO_32_BIT_CONVERSION = YES;
				GCC_WARN_ABOUT_RETURN_TYPE = YES_ERROR;
				GCC_WARN_UNDECLARED_SELECTOR = YES;
				GCC_WARN_UNINITIALIZED_AUTOS = YES_AGGRESSIVE;
				GCC_WARN_UNUSED_FUNCTION = YES;
				GCC_WARN_UNUSED_VARIABLE = YES;
				IPHONEOS_DEPLOYMENT_TARGET = 9.3;
				MTL_ENABLE_DEBUG_INFO = YES;
				ONLY_ACTIVE_ARCH = YES;
				SDKROOT = iphoneos;
				SWIFT_OPTIMIZATION_LEVEL = "-Onone";
				TARGETED_DEVICE_FAMILY = "1,2";
			};
			name = Debug;
		};
		6A7585501D7D93E300546AB3 /* Release */ = {
			isa = XCBuildConfiguration;
			buildSettings = {
				ALWAYS_SEARCH_USER_PATHS = NO;
				CLANG_ANALYZER_NONNULL = YES;
				CLANG_CXX_LANGUAGE_STANDARD = "gnu++0x";
				CLANG_CXX_LIBRARY = "libc++";
				CLANG_ENABLE_MODULES = YES;
				CLANG_ENABLE_OBJC_ARC = YES;
				CLANG_WARN_BOOL_CONVERSION = YES;
				CLANG_WARN_CONSTANT_CONVERSION = YES;
				CLANG_WARN_DIRECT_OBJC_ISA_USAGE = YES_ERROR;
				CLANG_WARN_EMPTY_BODY = YES;
				CLANG_WARN_ENUM_CONVERSION = YES;
				CLANG_WARN_INT_CONVERSION = YES;
				CLANG_WARN_OBJC_ROOT_CLASS = YES_ERROR;
				CLANG_WARN_UNREACHABLE_CODE = YES;
				CLANG_WARN__DUPLICATE_METHOD_MATCH = YES;
				"CODE_SIGN_IDENTITY[sdk=iphoneos*]" = "iPhone Developer";
				COPY_PHASE_STRIP = NO;
				DEBUG_INFORMATION_FORMAT = "dwarf-with-dsym";
				ENABLE_NS_ASSERTIONS = NO;
				ENABLE_STRICT_OBJC_MSGSEND = YES;
				GCC_C_LANGUAGE_STANDARD = gnu99;
				GCC_NO_COMMON_BLOCKS = YES;
				GCC_WARN_64_TO_32_BIT_CONVERSION = YES;
				GCC_WARN_ABOUT_RETURN_TYPE = YES_ERROR;
				GCC_WARN_UNDECLARED_SELECTOR = YES;
				GCC_WARN_UNINITIALIZED_AUTOS = YES_AGGRESSIVE;
				GCC_WARN_UNUSED_FUNCTION = YES;
				GCC_WARN_UNUSED_VARIABLE = YES;
				IPHONEOS_DEPLOYMENT_TARGET = 9.3;
				MTL_ENABLE_DEBUG_INFO = NO;
				SDKROOT = iphoneos;
				TARGETED_DEVICE_FAMILY = "1,2";
				VALIDATE_PRODUCT = YES;
			};
			name = Release;
		};
		6A7585521D7D93E300546AB3 /* Debug */ = {
			isa = XCBuildConfiguration;
			baseConfigurationReference = 7BAB1CF684D8480291DD4A23 /* Pods-PitayaExample.debug.xcconfig */;
			buildSettings = {
				ASSETCATALOG_COMPILER_APPICON_NAME = AppIcon;
				INFOPLIST_FILE = PitayaExample/Info.plist;
				LD_RUNPATH_SEARCH_PATHS = "$(inherited) @executable_path/Frameworks";
				PRODUCT_BUNDLE_IDENTIFIER = com.eliyar.PitayaExample;
				PRODUCT_NAME = "$(TARGET_NAME)";
			};
			name = Debug;
		};
		6A7585531D7D93E300546AB3 /* Release */ = {
			isa = XCBuildConfiguration;
			baseConfigurationReference = 8AAAC6F6A3A84FFCCBE48652 /* Pods-PitayaExample.release.xcconfig */;
			buildSettings = {
				ASSETCATALOG_COMPILER_APPICON_NAME = AppIcon;
				INFOPLIST_FILE = PitayaExample/Info.plist;
				LD_RUNPATH_SEARCH_PATHS = "$(inherited) @executable_path/Frameworks";
				PRODUCT_BUNDLE_IDENTIFIER = com.eliyar.PitayaExample;
				PRODUCT_NAME = "$(TARGET_NAME)";
			};
			name = Release;
		};
/* End XCBuildConfiguration section */

/* Begin XCConfigurationList section */
		6A75853A1D7D93E300546AB3 /* Build configuration list for PBXProject "PitayaExample" */ = {
			isa = XCConfigurationList;
			buildConfigurations = (
				6A75854F1D7D93E300546AB3 /* Debug */,
				6A7585501D7D93E300546AB3 /* Release */,
			);
			defaultConfigurationIsVisible = 0;
			defaultConfigurationName = Release;
		};
		6A7585511D7D93E300546AB3 /* Build configuration list for PBXNativeTarget "PitayaExample" */ = {
			isa = XCConfigurationList;
			buildConfigurations = (
				6A7585521D7D93E300546AB3 /* Debug */,
				6A7585531D7D93E300546AB3 /* Release */,
			);
			defaultConfigurationIsVisible = 0;
			defaultConfigurationName = Release;
		};
/* End XCConfigurationList section */
	};
	rootObject = 6A7585371D7D93E300546AB3 /* Project object */;
}
