// !$*UTF8*$!
{
	archiveVersion = 1;
	classes = {
	};
	objectVersion = 46;
	objects = {

/* Begin PBXBuildFile section */
		4637120B1B04C2050019E1AB /* Pitaya.h in Headers */ = {isa = PBXBuildFile; fileRef = 4637120A1B04C2050019E1AB /* Pitaya.h */; settings = {ATTRIBUTES = (Public, ); }; };
		463712111B04C2050019E1AB /* Pitaya.framework in Frameworks */ = {isa = PBXBuildFile; fileRef = 463712051B04C2050019E1AB /* Pitaya.framework */; };
		463712181B04C2050019E1AB /* PitayaTests.swift in Sources */ = {isa = PBXBuildFile; fileRef = 463712171B04C2050019E1AB /* PitayaTests.swift */; };
		4637122B1B04C21F0019E1AB /* Pitaya.swift in Sources */ = {isa = PBXBuildFile; fileRef = 4637122A1B04C21F0019E1AB /* Pitaya.swift */; };
		46ADFD251B765D380079EF17 /* Pitaya.png in Resources */ = {isa = PBXBuildFile; fileRef = 46ADFD241B765D380079EF17 /* Pitaya.png */; };
		8EDD226B1B623B4600FAD39F /* BaseTestCase.swift in Sources */ = {isa = PBXBuildFile; fileRef = 8EDD226A1B623B4600FAD39F /* BaseTestCase.swift */; };
		8EDD226E1B623BD500FAD39F /* BasicAuthenticationTestCase.swift in Sources */ = {isa = PBXBuildFile; fileRef = 8EDD226D1B623BD500FAD39F /* BasicAuthenticationTestCase.swift */; };
/* End PBXBuildFile section */

/* Begin PBXContainerItemProxy section */
		463712121B04C2050019E1AB /* PBXContainerItemProxy */ = {
			isa = PBXContainerItemProxy;
			containerPortal = 463711FC1B04C2050019E1AB /* Project object */;
			proxyType = 1;
			remoteGlobalIDString = 463712041B04C2050019E1AB;
			remoteInfo = Pitaya;
		};
/* End PBXContainerItemProxy section */

/* Begin PBXFileReference section */
		463712051B04C2050019E1AB /* Pitaya.framework */ = {isa = PBXFileReference; explicitFileType = wrapper.framework; includeInIndex = 0; path = Pitaya.framework; sourceTree = BUILT_PRODUCTS_DIR; };
		463712091B04C2050019E1AB /* Info.plist */ = {isa = PBXFileReference; lastKnownFileType = text.plist.xml; path = Info.plist; sourceTree = "<group>"; };
		4637120A1B04C2050019E1AB /* Pitaya.h */ = {isa = PBXFileReference; lastKnownFileType = sourcecode.c.h; path = Pitaya.h; sourceTree = "<group>"; };
		463712101B04C2050019E1AB /* PitayaTests.xctest */ = {isa = PBXFileReference; explicitFileType = wrapper.cfbundle; includeInIndex = 0; path = PitayaTests.xctest; sourceTree = BUILT_PRODUCTS_DIR; };
		463712161B04C2050019E1AB /* Info.plist */ = {isa = PBXFileReference; lastKnownFileType = text.plist.xml; path = Info.plist; sourceTree = "<group>"; };
		463712171B04C2050019E1AB /* PitayaTests.swift */ = {isa = PBXFileReference; lastKnownFileType = sourcecode.swift; path = PitayaTests.swift; sourceTree = "<group>"; };
		4637122A1B04C21F0019E1AB /* Pitaya.swift */ = {isa = PBXFileReference; fileEncoding = 4; lastKnownFileType = sourcecode.swift; path = Pitaya.swift; sourceTree = "<group>"; };
		46ADFD241B765D380079EF17 /* Pitaya.png */ = {isa = PBXFileReference; lastKnownFileType = image.png; name = Pitaya.png; path = ../../Pitaya.png; sourceTree = "<group>"; };
		8EDD226A1B623B4600FAD39F /* BaseTestCase.swift */ = {isa = PBXFileReference; fileEncoding = 4; lastKnownFileType = sourcecode.swift; path = BaseTestCase.swift; sourceTree = "<group>"; };
		8EDD226D1B623BD500FAD39F /* BasicAuthenticationTestCase.swift */ = {isa = PBXFileReference; fileEncoding = 4; lastKnownFileType = sourcecode.swift; path = BasicAuthenticationTestCase.swift; sourceTree = "<group>"; };
/* End PBXFileReference section */

/* Begin PBXFrameworksBuildPhase section */
		463712011B04C2050019E1AB /* Frameworks */ = {
			isa = PBXFrameworksBuildPhase;
			buildActionMask = 2147483647;
			files = (
			);
			runOnlyForDeploymentPostprocessing = 0;
		};
		4637120D1B04C2050019E1AB /* Frameworks */ = {
			isa = PBXFrameworksBuildPhase;
			buildActionMask = 2147483647;
			files = (
				463712111B04C2050019E1AB /* Pitaya.framework in Frameworks */,
			);
			runOnlyForDeploymentPostprocessing = 0;
		};
/* End PBXFrameworksBuildPhase section */

/* Begin PBXGroup section */
		463711FB1B04C2050019E1AB = {
			isa = PBXGroup;
			children = (
				463712071B04C2050019E1AB /* Pitaya */,
				463712141B04C2050019E1AB /* PitayaTests */,
				463712061B04C2050019E1AB /* Products */,
			);
			sourceTree = "<group>";
		};
		463712061B04C2050019E1AB /* Products */ = {
			isa = PBXGroup;
			children = (
				463712051B04C2050019E1AB /* Pitaya.framework */,
				463712101B04C2050019E1AB /* PitayaTests.xctest */,
			);
			name = Products;
			sourceTree = "<group>";
		};
		463712071B04C2050019E1AB /* Pitaya */ = {
			isa = PBXGroup;
			children = (
				4637120A1B04C2050019E1AB /* Pitaya.h */,
				463712081B04C2050019E1AB /* Supporting Files */,
				4637122A1B04C21F0019E1AB /* Pitaya.swift */,
			);
			path = Pitaya;
			sourceTree = "<group>";
		};
		463712081B04C2050019E1AB /* Supporting Files */ = {
			isa = PBXGroup;
			children = (
				463712091B04C2050019E1AB /* Info.plist */,
			);
			name = "Supporting Files";
			sourceTree = "<group>";
		};
		463712141B04C2050019E1AB /* PitayaTests */ = {
			isa = PBXGroup;
			children = (
				463712171B04C2050019E1AB /* PitayaTests.swift */,
				8EDD226A1B623B4600FAD39F /* BaseTestCase.swift */,
				46ADFD241B765D380079EF17 /* Pitaya.png */,
				8EDD226C1B623BB000FAD39F /* Core */,
				463712151B04C2050019E1AB /* Supporting Files */,
			);
			path = PitayaTests;
			sourceTree = "<group>";
		};
		463712151B04C2050019E1AB /* Supporting Files */ = {
			isa = PBXGroup;
			children = (
				463712161B04C2050019E1AB /* Info.plist */,
			);
			name = "Supporting Files";
			sourceTree = "<group>";
		};
		8EDD226C1B623BB000FAD39F /* Core */ = {
			isa = PBXGroup;
			children = (
				8EDD226D1B623BD500FAD39F /* BasicAuthenticationTestCase.swift */,
			);
			name = Core;
			sourceTree = "<group>";
		};
/* End PBXGroup section */

/* Begin PBXHeadersBuildPhase section */
		463712021B04C2050019E1AB /* Headers */ = {
			isa = PBXHeadersBuildPhase;
			buildActionMask = 2147483647;
			files = (
				4637120B1B04C2050019E1AB /* Pitaya.h in Headers */,
			);
			runOnlyForDeploymentPostprocessing = 0;
		};
/* End PBXHeadersBuildPhase section */

/* Begin PBXNativeTarget section */
		463712041B04C2050019E1AB /* Pitaya */ = {
			isa = PBXNativeTarget;
			buildConfigurationList = 4637121B1B04C2050019E1AB /* Build configuration list for PBXNativeTarget "Pitaya" */;
			buildPhases = (
				463712001B04C2050019E1AB /* Sources */,
				463712011B04C2050019E1AB /* Frameworks */,
				463712021B04C2050019E1AB /* Headers */,
				463712031B04C2050019E1AB /* Resources */,
			);
			buildRules = (
			);
			dependencies = (
			);
			name = Pitaya;
			productName = Pitaya;
			productReference = 463712051B04C2050019E1AB /* Pitaya.framework */;
			productType = "com.apple.product-type.framework";
		};
		4637120F1B04C2050019E1AB /* PitayaTests */ = {
			isa = PBXNativeTarget;
			buildConfigurationList = 4637121E1B04C2050019E1AB /* Build configuration list for PBXNativeTarget "PitayaTests" */;
			buildPhases = (
				4637120C1B04C2050019E1AB /* Sources */,
				4637120D1B04C2050019E1AB /* Frameworks */,
				4637120E1B04C2050019E1AB /* Resources */,
			);
			buildRules = (
			);
			dependencies = (
				463712131B04C2050019E1AB /* PBXTargetDependency */,
			);
			name = PitayaTests;
			productName = PitayaTests;
			productReference = 463712101B04C2050019E1AB /* PitayaTests.xctest */;
			productType = "com.apple.product-type.bundle.unit-test";
		};
/* End PBXNativeTarget section */

/* Begin PBXProject section */
		463711FC1B04C2050019E1AB /* Project object */ = {
			isa = PBXProject;
			attributes = {
				LastSwiftMigration = 0700;
				LastSwiftUpdateCheck = 0700;
				LastUpgradeCheck = 0630;
				ORGANIZATIONNAME = "http://lvwenhan.com";
				TargetAttributes = {
					463712041B04C2050019E1AB = {
						CreatedOnToolsVersion = 6.3.1;
					};
					4637120F1B04C2050019E1AB = {
						CreatedOnToolsVersion = 6.3.1;
					};
				};
			};
			buildConfigurationList = 463711FF1B04C2050019E1AB /* Build configuration list for PBXProject "Pitaya" */;
			compatibilityVersion = "Xcode 3.2";
			developmentRegion = English;
			hasScannedForEncodings = 0;
			knownRegions = (
				en,
			);
			mainGroup = 463711FB1B04C2050019E1AB;
			productRefGroup = 463712061B04C2050019E1AB /* Products */;
			projectDirPath = "";
			projectRoot = "";
			targets = (
				463712041B04C2050019E1AB /* Pitaya */,
				4637120F1B04C2050019E1AB /* PitayaTests */,
			);
		};
/* End PBXProject section */

/* Begin PBXResourcesBuildPhase section */
		463712031B04C2050019E1AB /* Resources */ = {
			isa = PBXResourcesBuildPhase;
			buildActionMask = 2147483647;
			files = (
			);
			runOnlyForDeploymentPostprocessing = 0;
		};
		4637120E1B04C2050019E1AB /* Resources */ = {
			isa = PBXResourcesBuildPhase;
			buildActionMask = 2147483647;
			files = (
				46ADFD251B765D380079EF17 /* Pitaya.png in Resources */,
			);
			runOnlyForDeploymentPostprocessing = 0;
		};
/* End PBXResourcesBuildPhase section */

/* Begin PBXSourcesBuildPhase section */
		463712001B04C2050019E1AB /* Sources */ = {
			isa = PBXSourcesBuildPhase;
			buildActionMask = 2147483647;
			files = (
				4637122B1B04C21F0019E1AB /* Pitaya.swift in Sources */,
			);
			runOnlyForDeploymentPostprocessing = 0;
		};
		4637120C1B04C2050019E1AB /* Sources */ = {
			isa = PBXSourcesBuildPhase;
			buildActionMask = 2147483647;
			files = (
				8EDD226B1B623B4600FAD39F /* BaseTestCase.swift in Sources */,
				8EDD226E1B623BD500FAD39F /* BasicAuthenticationTestCase.swift in Sources */,
				463712181B04C2050019E1AB /* PitayaTests.swift in Sources */,
			);
			runOnlyForDeploymentPostprocessing = 0;
		};
/* End PBXSourcesBuildPhase section */

/* Begin PBXTargetDependency section */
		463712131B04C2050019E1AB /* PBXTargetDependency */ = {
			isa = PBXTargetDependency;
			target = 463712041B04C2050019E1AB /* Pitaya */;
			targetProxy = 463712121B04C2050019E1AB /* PBXContainerItemProxy */;
		};
/* End PBXTargetDependency section */

/* Begin XCBuildConfiguration section */
		463712191B04C2050019E1AB /* Debug */ = {
			isa = XCBuildConfiguration;
			buildSettings = {
				ALWAYS_SEARCH_USER_PATHS = NO;
				CLANG_CXX_LANGUAGE_STANDARD = "gnu++0x";
				CLANG_CXX_LIBRARY = "libc++";
				CLANG_ENABLE_MODULES = YES;
				CLANG_ENABLE_OBJC_ARC = YES;
				CLANG_WARN_BOOL_CONVERSION = YES;
				CLANG_WARN_CONSTANT_CONVERSION = YES;
				CLANG_WARN_DIRECT_OBJC_ISA_USAGE = YES_ERROR;
				CLANG_WARN_EMPTY_BODY = YES;
				CLANG_WARN_ENUM_CONVERSION = YES;
				CLANG_WARN_INT_CONVERSION = YES;
				CLANG_WARN_OBJC_ROOT_CLASS = YES_ERROR;
				CLANG_WARN_UNREACHABLE_CODE = YES;
				CLANG_WARN__DUPLICATE_METHOD_MATCH = YES;
				"CODE_SIGN_IDENTITY[sdk=iphoneos*]" = "iPhone Developer";
				COPY_PHASE_STRIP = NO;
				CURRENT_PROJECT_VERSION = 1;
				DEBUG_INFORMATION_FORMAT = "dwarf-with-dsym";
				ENABLE_STRICT_OBJC_MSGSEND = YES;
				GCC_C_LANGUAGE_STANDARD = gnu99;
				GCC_DYNAMIC_NO_PIC = NO;
				GCC_NO_COMMON_BLOCKS = YES;
				GCC_OPTIMIZATION_LEVEL = 0;
				GCC_PREPROCESSOR_DEFINITIONS = (
					"DEBUG=1",
					"$(inherited)",
				);
				GCC_SYMBOLS_PRIVATE_EXTERN = NO;
				GCC_WARN_64_TO_32_BIT_CONVERSION = YES;
				GCC_WARN_ABOUT_RETURN_TYPE = YES_ERROR;
				GCC_WARN_UNDECLARED_SELECTOR = YES;
				GCC_WARN_UNINITIALIZED_AUTOS = YES_AGGRESSIVE;
				GCC_WARN_UNUSED_FUNCTION = YES;
				GCC_WARN_UNUSED_VARIABLE = YES;
				IPHONEOS_DEPLOYMENT_TARGET = 8.0;
				MTL_ENABLE_DEBUG_INFO = YES;
				ONLY_ACTIVE_ARCH = YES;
				SDKROOT = iphoneos;
				SWIFT_OPTIMIZATION_LEVEL = "-Onone";
				TARGETED_DEVICE_FAMILY = "1,2";
				VERSIONING_SYSTEM = "apple-generic";
				VERSION_INFO_PREFIX = "";
			};
			name = Debug;
		};
		4637121A1B04C2050019E1AB /* Release */ = {
			isa = XCBuildConfiguration;
			buildSettings = {
				ALWAYS_SEARCH_USER_PATHS = NO;
				CLANG_CXX_LANGUAGE_STANDARD = "gnu++0x";
				CLANG_CXX_LIBRARY = "libc++";
				CLANG_ENABLE_MODULES = YES;
				CLANG_ENABLE_OBJC_ARC = YES;
				CLANG_WARN_BOOL_CONVERSION = YES;
				CLANG_WARN_CONSTANT_CONVERSION = YES;
				CLANG_WARN_DIRECT_OBJC_ISA_USAGE = YES_ERROR;
				CLANG_WARN_EMPTY_BODY = YES;
				CLANG_WARN_ENUM_CONVERSION = YES;
				CLANG_WARN_INT_CONVERSION = YES;
				CLANG_WARN_OBJC_ROOT_CLASS = YES_ERROR;
				CLANG_WARN_UNREACHABLE_CODE = YES;
				CLANG_WARN__DUPLICATE_METHOD_MATCH = YES;
				"CODE_SIGN_IDENTITY[sdk=iphoneos*]" = "iPhone Developer";
				COPY_PHASE_STRIP = NO;
				CURRENT_PROJECT_VERSION = 1;
				DEBUG_INFORMATION_FORMAT = "dwarf-with-dsym";
				ENABLE_NS_ASSERTIONS = NO;
				ENABLE_STRICT_OBJC_MSGSEND = YES;
				GCC_C_LANGUAGE_STANDARD = gnu99;
				GCC_NO_COMMON_BLOCKS = YES;
				GCC_WARN_64_TO_32_BIT_CONVERSION = YES;
				GCC_WARN_ABOUT_RETURN_TYPE = YES_ERROR;
				GCC_WARN_UNDECLARED_SELECTOR = YES;
				GCC_WARN_UNINITIALIZED_AUTOS = YES_AGGRESSIVE;
				GCC_WARN_UNUSED_FUNCTION = YES;
				GCC_WARN_UNUSED_VARIABLE = YES;
				IPHONEOS_DEPLOYMENT_TARGET = 8.0;
				MTL_ENABLE_DEBUG_INFO = NO;
				SDKROOT = iphoneos;
				TARGETED_DEVICE_FAMILY = "1,2";
				VALIDATE_PRODUCT = YES;
				VERSIONING_SYSTEM = "apple-generic";
				VERSION_INFO_PREFIX = "";
			};
			name = Release;
		};
		4637121C1B04C2050019E1AB /* Debug */ = {
			isa = XCBuildConfiguration;
			buildSettings = {
				CLANG_ENABLE_MODULES = YES;
				DEFINES_MODULE = YES;
				DYLIB_COMPATIBILITY_VERSION = 1;
				DYLIB_CURRENT_VERSION = 1;
				DYLIB_INSTALL_NAME_BASE = "@rpath";
				INFOPLIST_FILE = Pitaya/Info.plist;
				INSTALL_PATH = "$(LOCAL_LIBRARY_DIR)/Frameworks";
				LD_RUNPATH_SEARCH_PATHS = "$(inherited) @executable_path/Frameworks @loader_path/Frameworks";
				PRODUCT_NAME = "$(TARGET_NAME)";
				SKIP_INSTALL = YES;
				SWIFT_OPTIMIZATION_LEVEL = "-Onone";
			};
			name = Debug;
		};
		4637121D1B04C2050019E1AB /* Release */ = {
			isa = XCBuildConfiguration;
			buildSettings = {
				CLANG_ENABLE_MODULES = YES;
				DEFINES_MODULE = YES;
				DYLIB_COMPATIBILITY_VERSION = 1;
				DYLIB_CURRENT_VERSION = 1;
				DYLIB_INSTALL_NAME_BASE = "@rpath";
				INFOPLIST_FILE = Pitaya/Info.plist;
				INSTALL_PATH = "$(LOCAL_LIBRARY_DIR)/Frameworks";
				LD_RUNPATH_SEARCH_PATHS = "$(inherited) @executable_path/Frameworks @loader_path/Frameworks";
				PRODUCT_NAME = "$(TARGET_NAME)";
				SKIP_INSTALL = YES;
			};
			name = Release;
		};
		4637121F1B04C2050019E1AB /* Debug */ = {
			isa = XCBuildConfiguration;
			buildSettings = {
				FRAMEWORK_SEARCH_PATHS = (
					"$(SDKROOT)/Developer/Library/Frameworks",
					"$(inherited)",
				);
				GCC_PREPROCESSOR_DEFINITIONS = (
					"DEBUG=1",
					"$(inherited)",
				);
				INFOPLIST_FILE = PitayaTests/Info.plist;
				LD_RUNPATH_SEARCH_PATHS = "$(inherited) @executable_path/Frameworks @loader_path/Frameworks";
				PRODUCT_NAME = "$(TARGET_NAME)";
			};
			name = Debug;
		};
		463712201B04C2050019E1AB /* Release */ = {
			isa = XCBuildConfiguration;
			buildSettings = {
				FRAMEWORK_SEARCH_PATHS = (
					"$(SDKROOT)/Developer/Library/Frameworks",
					"$(inherited)",
				);
				INFOPLIST_FILE = PitayaTests/Info.plist;
				LD_RUNPATH_SEARCH_PATHS = "$(inherited) @executable_path/Frameworks @loader_path/Frameworks";
				PRODUCT_NAME = "$(TARGET_NAME)";
			};
			name = Release;
		};
/* End XCBuildConfiguration section */

/* Begin XCConfigurationList section */
		463711FF1B04C2050019E1AB /* Build configuration list for PBXProject "Pitaya" */ = {
			isa = XCConfigurationList;
			buildConfigurations = (
				463712191B04C2050019E1AB /* Debug */,
				4637121A1B04C2050019E1AB /* Release */,
			);
			defaultConfigurationIsVisible = 0;
			defaultConfigurationName = Release;
		};
		4637121B1B04C2050019E1AB /* Build configuration list for PBXNativeTarget "Pitaya" */ = {
			isa = XCConfigurationList;
			buildConfigurations = (
				4637121C1B04C2050019E1AB /* Debug */,
				4637121D1B04C2050019E1AB /* Release */,
			);
			defaultConfigurationIsVisible = 0;
			defaultConfigurationName = Release;
		};
		4637121E1B04C2050019E1AB /* Build configuration list for PBXNativeTarget "PitayaTests" */ = {
			isa = XCConfigurationList;
			buildConfigurations = (
				4637121F1B04C2050019E1AB /* Debug */,
				463712201B04C2050019E1AB /* Release */,
			);
			defaultConfigurationIsVisible = 0;
			defaultConfigurationName = Release;
		};
/* End XCConfigurationList section */
	};
	rootObject = 463711FC1B04C2050019E1AB /* Project object */;
}
